
Microsoft Visual Studio Solution File, Format Version 11.00
# Visual Studio 2010
Project("{8BC9CEB8-8B4A-11D0-8D11-00A0C91BC942}") = "mp4file", "mp4file.vcxproj", "{CB670BE8-6749-4522-AD22-6EFDF216D42D}"
EndProject
Global
	GlobalSection(SolutionConfigurationPlatforms) = preSolution
		Debug|Win32 = Debug|Win32
		Release|Win32 = Release|Win32
	EndGlobalSection
	GlobalSection(ProjectConfigurationPlatforms) = postSolution
		{CB670BE8-6749-4522-AD22-6EFDF216D42D}.Debug|Win32.ActiveCfg = Debug|Win32
		{CB670BE8-6749-4522-AD22-6EFDF216D42D}.Debug|Win32.Build.0 = Debug|Win32
		{CB670BE8-6749-4522-AD22-6EFDF216D42D}.Release|Win32.ActiveCfg = Release|Win32
		{CB670BE8-6749-4522-AD22-6EFDF216D42D}.Release|Win32.Build.0 = Release|Win32
	EndGlobalSection
	GlobalSection(SolutionProperties) = preSolution
		HideSolutionNode = FALSE
	EndGlobalSection
EndGlobal
